
Microsoft Visual Studio Solution File, Format Version 12.00
Project("{2150E333-8FDC-42A3-9474-1A3956D46DE8}") = "src", "src", "{40D0F618-1817-43C0-8E6F-CB0A00AF5855}"
EndProject
Project("{FAE04EC0-301F-11D3-BF4B-00C04F79EFBC}") = "PriceComparison.Domain", "src\PriceComparison.Domain\PriceComparison.Domain.csproj", "{370069DC-08FB-4C2C-8BEF-CD4184D64ABC}"
EndProject
Project("{FAE04EC0-301F-11D3-BF4B-00C04F79EFBC}") = "PriceComparison.Persistence", "src\PriceComparison.Persistence\PriceComparison.Persistence.csproj", "{A9B1A39E-F3AE-4758-BE00-ABAAE5C6DEDE}"
EndProject
Project("{FAE04EC0-301F-11D3-BF4B-00C04F79EFBC}") = "PriceComparison.Application", "src\PriceComparison.Application\PriceComparison.Application.csproj", "{8FCCF4EB-5B6B-4C1D-8B0B-CEF99B703871}"
EndProject
Project("{FAE04EC0-301F-11D3-BF4B-00C04F79EFBC}") = "PriceComparison.WebApi", "src\PriceComparison.WebApi\PriceComparison.WebApi.csproj", "{62324EF2-3F8A-4920-B268-BADE03626D23}"
EndProject
Project("{2150E333-8FDC-42A3-9474-1A3956D46DE8}") = "Solution Items", "Solution Items", "{5522ADB6-FABD-49F2-8DF6-FFDA7DEBC2A0}"
	ProjectSection(SolutionItems) = preProject
		docker-compose.yml = docker-compose.yml
	EndProjectSection
EndProject
Global
	GlobalSection(SolutionConfigurationPlatforms) = preSolution
		Debug|Any CPU = Debug|Any CPU
		Release|Any CPU = Release|Any CPU
	EndGlobalSection
	GlobalSection(NestedProjects) = preSolution
		{370069DC-08FB-4C2C-8BEF-CD4184D64ABC} = {40D0F618-1817-43C0-8E6F-CB0A00AF5855}
		{A9B1A39E-F3AE-4758-BE00-ABAAE5C6DEDE} = {40D0F618-1817-43C0-8E6F-CB0A00AF5855}
		{8FCCF4EB-5B6B-4C1D-8B0B-CEF99B703871} = {40D0F618-1817-43C0-8E6F-CB0A00AF5855}
		{62324EF2-3F8A-4920-B268-BADE03626D23} = {40D0F618-1817-43C0-8E6F-CB0A00AF5855}
	EndGlobalSection
	GlobalSection(ProjectConfigurationPlatforms) = postSolution
		{370069DC-08FB-4C2C-8BEF-CD4184D64ABC}.Debug|Any CPU.ActiveCfg = Debug|Any CPU
		{370069DC-08FB-4C2C-8BEF-CD4184D64ABC}.Debug|Any CPU.Build.0 = Debug|Any CPU
		{370069DC-08FB-4C2C-8BEF-CD4184D64ABC}.Release|Any CPU.ActiveCfg = Release|Any CPU
		{370069DC-08FB-4C2C-8BEF-CD4184D64ABC}.Release|Any CPU.Build.0 = Release|Any CPU
		{A9B1A39E-F3AE-4758-BE00-ABAAE5C6DEDE}.Debug|Any CPU.ActiveCfg = Debug|Any CPU
		{A9B1A39E-F3AE-4758-BE00-ABAAE5C6DEDE}.Debug|Any CPU.Build.0 = Debug|Any CPU
		{A9B1A39E-F3AE-4758-BE00-ABAAE5C6DEDE}.Release|Any CPU.ActiveCfg = Release|Any CPU
		{A9B1A39E-F3AE-4758-BE00-ABAAE5C6DEDE}.Release|Any CPU.Build.0 = Release|Any CPU
		{8FCCF4EB-5B6B-4C1D-8B0B-CEF99B703871}.Debug|Any CPU.ActiveCfg = Debug|Any CPU
		{8FCCF4EB-5B6B-4C1D-8B0B-CEF99B703871}.Debug|Any CPU.Build.0 = Debug|Any CPU
		{8FCCF4EB-5B6B-4C1D-8B0B-CEF99B703871}.Release|Any CPU.ActiveCfg = Release|Any CPU
		{8FCCF4EB-5B6B-4C1D-8B0B-CEF99B703871}.Release|Any CPU.Build.0 = Release|Any CPU
		{62324EF2-3F8A-4920-B268-BADE03626D23}.Debug|Any CPU.ActiveCfg = Debug|Any CPU
		{62324EF2-3F8A-4920-B268-BADE03626D23}.Debug|Any CPU.Build.0 = Debug|Any CPU
		{62324EF2-3F8A-4920-B268-BADE03626D23}.Release|Any CPU.ActiveCfg = Release|Any CPU
		{62324EF2-3F8A-4920-B268-BADE03626D23}.Release|Any CPU.Build.0 = Release|Any CPU
	EndGlobalSection
EndGlobal
